<?xml version="1.0" encoding="utf-8"?>
<Project ToolsVersion="4.0" xmlns="http://schemas.microsoft.com/developer/msbuild/2003">
  <ItemGroup>
    <Filter Include="Source Files">
      <UniqueIdentifier>{4FC737F1-C7A5-4376-A066-2A32D752A2FF}</UniqueIdentifier>
      <Extensions>cpp;c;cc;cxx;c++;cppm;ixx;def;odl;idl;hpj;bat;asm;asmx</Extensions>
    </Filter>
    <Filter Include="Header Files">
      <UniqueIdentifier>{93995380-89BD-4b04-88EB-625FBE52EBFB}</UniqueIdentifier>
      <Extensions>h;hh;hpp;hxx;h++;hm;inl;inc;ipp;xsd</Extensions>
    </Filter>
    <Filter Include="Resource Files">
      <UniqueIdentifier>{67DA6AB6-F800-4c08-8B7A-83BB121AAD01}</UniqueIdentifier>
      <Extensions>rc;ico;cur;bmp;dlg;rc2;rct;bin;rgs;gif;jpg;jpeg;jpe;resx;tiff;tif;png;wav;mfcribbon-ms</Extensions>
    </Filter>
  </ItemGroup>
  <ItemGroup>
    <ClCompile Include="Source.cpp">
      <Filter>Source Files</Filter>
    </ClCompile>
    <ClCompile Include="StringMain.cpp">
      <Filter>Source Files</Filter>
    </ClCompile>
    <ClCompile Include="function.cpp">
      <Filter>Source Files</Filter>
    </ClCompile>
    <ClCompile Include="Time.cpp">
      <Filter>Source Files</Filter>
    </ClCompile>
    <ClCompile Include="Grupa.cpp">
      <Filter>Source Files</Filter>
    </ClCompile>
    <ClCompile Include="Drib.cpp">
      <Filter>Source Files</Filter>
    </ClCompile>
    <ClCompile Include="Flat.cpp">
      <Filter>Source Files</Filter>
    </ClCompile>
    <ClCompile Include="Human.cpp">
      <Filter>Source Files</Filter>
    </ClCompile>
    <ClCompile Include="Student.cpp">
      <Filter>Source Files</Filter>
    </ClCompile>
    <ClCompile Include="House.cpp">
      <Filter>Source Files</Filter>
    </ClCompile>
    <ClCompile Include="String.cpp">
      <Filter>Source Files</Filter>
    </ClCompile>
    <ClCompile Include="AreaOfFigures.cpp">
      <Filter>Source Files</Filter>
    </ClCompile>
    <ClCompile Include="AreaOfFiguresMain.cpp">
      <Filter>Source Files</Filter>
    </ClCompile>
    <ClCompile Include="mainArray.cpp">
      <Filter>Source Files</Filter>
    </ClCompile>
    <ClCompile Include="QueueMain.cpp">
      <Filter>Source Files</Filter>
    </ClCompile>
    <ClCompile Include="Point.cpp">
      <Filter>Source Files</Filter>
    </ClCompile>
    <ClCompile Include="defString.cpp">
      <Filter>Source Files</Filter>
    </ClCompile>
    <ClCompile Include="List.cpp">
      <Filter>Source Files</Filter>
    </ClCompile>
    <ClCompile Include="Tree.cpp">
      <Filter>Source Files</Filter>
    </ClCompile>
    <ClCompile Include="TreeMain.cpp">
      <Filter>Source Files</Filter>
    </ClCompile>
    <ClCompile Include="AnimalMain.cpp">
      <Filter>Source Files</Filter>
    </ClCompile>
    <ClCompile Include="Figures.cpp">
      <Filter>Source Files</Filter>
    </ClCompile>
    <ClCompile Include="FiguresMain.cpp">
      <Filter>Source Files</Filter>
    </ClCompile>
    <ClCompile Include="EmployerMain.cpp">
      <Filter>Source Files</Filter>
    </ClCompile>
    <ClCompile Include="TestItemMain.cpp">
      <Filter>Source Files</Filter>
    </ClCompile>
    <ClCompile Include="TestItem2.cpp">
      <Filter>Source Files</Filter>
    </ClCompile>
    <ClCompile Include="Directory.cpp">
      <Filter>Source Files</Filter>
    </ClCompile>
    <ClCompile Include="DirectoryMain.cpp">
      <Filter>Source Files</Filter>
    </ClCompile>
    <ClCompile Include="lambdaFunc.cpp">
      <Filter>Source Files</Filter>
    </ClCompile>
    <ClCompile Include="TrainMain.cpp">
      <Filter>Source Files</Filter>
    </ClCompile>
    <ClCompile Include="Train.cpp">
      <Filter>Source Files</Filter>
    </ClCompile>
    <ClCompile Include="Point2D.cpp">
      <Filter>Source Files</Filter>
    </ClCompile>
    <ClCompile Include="Point3D.cpp">
      <Filter>Source Files</Filter>
    </ClCompile>
    <ClCompile Include="Fraction.cpp">
      <Filter>Source Files</Filter>
    </ClCompile>
    <ClCompile Include="NamespaceTestMain.cpp">
      <Filter>Source Files</Filter>
    </ClCompile>
    <ClCompile Include="CoringText.cpp">
      <Filter>Source Files</Filter>
    </ClCompile>
    <ClCompile Include="CodingXOR.cpp">
      <Filter>Source Files</Filter>
    </ClCompile>
    <ClCompile Include="Source1.cpp">
      <Filter>Source Files</Filter>
    </ClCompile>
    <ClCompile Include="CodingCaesar.cpp">
      <Filter>Source Files</Filter>
    </ClCompile>
    <ClCompile Include="Сalculator1.cpp">
      <Filter>Source Files</Filter>
    </ClCompile>
    <ClCompile Include="Calculator.cpp">
      <Filter>Source Files</Filter>
    </ClCompile>
  </ItemGroup>
  <ItemGroup>
    <ClInclude Include="function.h">
      <Filter>Header Files</Filter>
    </ClInclude>
    <ClInclude Include="Time.h">
      <Filter>Header Files</Filter>
    </ClInclude>
    <ClInclude Include="Student.h">
      <Filter>Header Files</Filter>
    </ClInclude>
    <ClInclude Include="Grupa.h">
      <Filter>Header Files</Filter>
    </ClInclude>
    <ClInclude Include="Drib.h">
      <Filter>Header Files</Filter>
    </ClInclude>
    <ClInclude Include="Human.h">
      <Filter>Header Files</Filter>
    </ClInclude>
    <ClInclude Include="Flat.h">
      <Filter>Header Files</Filter>
    </ClInclude>
    <ClInclude Include="House.h">
      <Filter>Header Files</Filter>
    </ClInclude>
    <ClInclude Include="String.h">
      <Filter>Header Files</Filter>
    </ClInclude>
    <ClInclude Include="AreaOfFigures.h">
      <Filter>Header Files</Filter>
    </ClInclude>
    <ClInclude Include="Array.h">
      <Filter>Header Files</Filter>
    </ClInclude>
    <ClInclude Include="Queue.h">
      <Filter>Header Files</Filter>
    </ClInclude>
    <ClInclude Include="Point.h">
      <Filter>Header Files</Filter>
    </ClInclude>
    <ClInclude Include="List.h">
      <Filter>Header Files</Filter>
    </ClInclude>
    <ClInclude Include="Tree.h">
      <Filter>Header Files</Filter>
    </ClInclude>
    <ClInclude Include="Animal.h">
      <Filter>Header Files</Filter>
    </ClInclude>
    <ClInclude Include="Dog.h">
      <Filter>Header Files</Filter>
    </ClInclude>
    <ClInclude Include="Cat.h">
      <Filter>Header Files</Filter>
    </ClInclude>
    <ClInclude Include="Parrot.h">
      <Filter>Header Files</Filter>
    </ClInclude>
    <ClInclude Include="Figures.h">
      <Filter>Header Files</Filter>
    </ClInclude>
    <ClInclude Include="Rectangle.h">
      <Filter>Header Files</Filter>
    </ClInclude>
    <ClInclude Include="Circle.h">
      <Filter>Header Files</Filter>
    </ClInclude>
    <ClInclude Include="RightTriangle.h">
      <Filter>Header Files</Filter>
    </ClInclude>
    <ClInclude Include="Trapeze.h">
      <Filter>Header Files</Filter>
    </ClInclude>
    <ClInclude Include="Employer.h">
      <Filter>Header Files</Filter>
    </ClInclude>
    <ClInclude Include="President.h">
      <Filter>Header Files</Filter>
    </ClInclude>
    <ClInclude Include="Manager.h">
      <Filter>Header Files</Filter>
    </ClInclude>
    <ClInclude Include="Worker.h">
      <Filter>Header Files</Filter>
    </ClInclude>
    <ClInclude Include="TestItem.h">
      <Filter>Header Files</Filter>
    </ClInclude>
    <ClInclude Include="TestItem2.h">
      <Filter>Header Files</Filter>
    </ClInclude>
    <ClInclude Include="Directory.h">
      <Filter>Header Files</Filter>
    </ClInclude>
    <ClInclude Include="Train.h">
      <Filter>Header Files</Filter>
    </ClInclude>
    <ClInclude Include="Point2D.h">
      <Filter>Header Files</Filter>
    </ClInclude>
    <ClInclude Include="Point3D.h">
      <Filter>Header Files</Filter>
    </ClInclude>
    <ClInclude Include="Fraction.h">
      <Filter>Header Files</Filter>
    </ClInclude>
    <ClInclude Include="CodingText.h">
      <Filter>Header Files</Filter>
    </ClInclude>
    <ClInclude Include="CodingXOR.h">
      <Filter>Header Files</Filter>
    </ClInclude>
    <ClInclude Include="CodingCaesar.h">
      <Filter>Header Files</Filter>
    </ClInclude>
    <ClInclude Include="Сalculator1.h">
      <Filter>Header Files</Filter>
    </ClInclude>
    <ClInclude Include="Calculator.h">
      <Filter>Header Files</Filter>
    </ClInclude>
  </ItemGroup>
</Project>